{
  "originHash" : "f8f78bae2f3798662766da34e23fc6c321510ae3d6fa2ad864d1c27136f6cb0f",
  "pins" : [
    {
      "identity" : "chesscore",
      "kind" : "remoteSourceControl",
      "location" : "git@github.com:iliaskarim/ChessCore.git",
      "state" : {
        "branch" : "develop",
        "revision" : "13e5933e1d82403b3e6cdfb5e3a8f532e0d048dd"
      }
    }
  ],
  "version" : 3
}
