{
  "originHash" : "79ff2a5f0063a290dd602ff358745e23bad861a48a0afd382ac7661b32af441a",
  "pins" : [
    {
      "identity" : "chesscore",
      "kind" : "localSourceControl",
      "location" : "/Users/iliaskarim/Documents/GitHub/ChessCore",
      "state" : {
        "branch" : "develop",
        "revision" : "acf5bbba064d5ea4cb812f051350e0e956fead28"
      }
    }
  ],
  "version" : 3
}
